// !$*UTF8*$!
{
	archiveVersion = 1;
	classes = {
	};
	objectVersion = 77;
	objects = {

/* Begin PBXBuildFile section */
		8A290E652F2153450020317A /* watch Watch App.app in Embed Watch Content */ = {isa = PBXBuildFile; fileRef = 8A290E5B2F2153440020317A /* watch Watch App.app */; settings = {ATTRIBUTES = (RemoveHeadersOnCopy, ); }; };
		8AB9C9B12F86DE7A003C7BD8 /* StoreKit.framework in Frameworks */ = {isa = PBXBuildFile; fileRef = 8AB9C9B02F86DE7A003C7BD8 /* StoreKit.framework */; };
		8AFF00022F00000100000002 /* WhisperKit in Frameworks */ = {isa = PBXBuildFile; productRef = 8AFF00012F00000100000001 /* WhisperKit */; };
		8AFF00052F00000100000005 /* SpeakerKit in Frameworks */ = {isa = PBXBuildFile; productRef = 8AFF00042F00000100000004 /* SpeakerKit */; };
		8AFF100B2F0000010000000B /* RambleWatchWidgets.appex in Embed Foundation Extensions */ = {isa = PBXBuildFile; fileRef = 8AFF10022F00000100000002 /* RambleWatchWidgets.appex */; settings = {ATTRIBUTES = (RemoveHeadersOnCopy, ); }; };
		8AFF200B2F0000020000000B /* RambleWidgets.appex in Embed Foundation Extensions */ = {isa = PBXBuildFile; fileRef = 8AFF20022F00000200000002 /* RambleWidgets.appex */; settings = {ATTRIBUTES = (RemoveHeadersOnCopy, ); }; };
		8AFF20112F00000200000011 /* RambleActivityAttributes.swift in Sources */ = {isa = PBXBuildFile; fileRef = 8AFF20102F00000200000010 /* RambleActivityAttributes.swift */; };
/* End PBXBuildFile section */

/* Begin PBXContainerItemProxy section */
		8A290E632F2153450020317A /* PBXContainerItemProxy */ = {
			isa = PBXContainerItemProxy;
			containerPortal = 8A290E252F2152E10020317A /* Project object */;
			proxyType = 1;
			remoteGlobalIDString = 8A290E5A2F2153440020317A;
			remoteInfo = "watch Watch App";
		};
		8AFF100D2F0000010000000D /* PBXContainerItemProxy */ = {
			isa = PBXContainerItemProxy;
			containerPortal = 8A290E252F2152E10020317A /* Project object */;
			proxyType = 1;
			remoteGlobalIDString = 8AFF10012F00000100000001;
			remoteInfo = RambleWatchWidgets;
		};
		8AFF200D2F0000020000000D /* PBXContainerItemProxy */ = {
			isa = PBXContainerItemProxy;
			containerPortal = 8A290E252F2152E10020317A /* Project object */;
			proxyType = 1;
			remoteGlobalIDString = 8AFF20012F00000200000001;
			remoteInfo = RambleWidgets;
		};
/* End PBXContainerItemProxy section */

/* Begin PBXCopyFilesBuildPhase section */
		8A290E692F2153450020317A /* Embed Watch Content */ = {
			isa = PBXCopyFilesBuildPhase;
			buildActionMask = 2147483647;
			dstPath = "$(CONTENTS_FOLDER_PATH)/Watch";
			dstSubfolderSpec = 16;
			files = (
				8A290E652F2153450020317A /* watch Watch App.app in Embed Watch Content */,
			);
			name = "Embed Watch Content";
			runOnlyForDeploymentPostprocessing = 0;
		};
		8AFF100A2F0000010000000A /* Embed Foundation Extensions */ = {
			isa = PBXCopyFilesBuildPhase;
			buildActionMask = 2147483647;
			dstPath = "";
			dstSubfolderSpec = 13;
			files = (
				8AFF100B2F0000010000000B /* RambleWatchWidgets.appex in Embed Foundation Extensions */,
			);
			name = "Embed Foundation Extensions";
			runOnlyForDeploymentPostprocessing = 0;
		};
		8AFF200A2F0000020000000A /* Embed Foundation Extensions */ = {
			isa = PBXCopyFilesBuildPhase;
			buildActionMask = 2147483647;
			dstPath = "";
			dstSubfolderSpec = 13;
			files = (
				8AFF200B2F0000020000000B /* RambleWidgets.appex in Embed Foundation Extensions */,
			);
			name = "Embed Foundation Extensions";
			runOnlyForDeploymentPostprocessing = 0;
		};
/* End PBXCopyFilesBuildPhase section */

/* Begin PBXFileReference section */
		8A290E2D2F2152E10020317A /* Ramble.app */ = {isa = PBXFileReference; explicitFileType = wrapper.application; includeInIndex = 0; path = Ramble.app; sourceTree = BUILT_PRODUCTS_DIR; };
		8A290E5B2F2153440020317A /* watch Watch App.app */ = {isa = PBXFileReference; explicitFileType = wrapper.application; includeInIndex = 0; path = "watch Watch App.app"; sourceTree = BUILT_PRODUCTS_DIR; };
		8AB9C9B02F86DE7A003C7BD8 /* StoreKit.framework */ = {isa = PBXFileReference; lastKnownFileType = wrapper.framework; name = StoreKit.framework; path = System/Library/Frameworks/StoreKit.framework; sourceTree = SDKROOT; };
		8AFF10022F00000100000002 /* RambleWatchWidgets.appex */ = {isa = PBXFileReference; explicitFileType = "wrapper.app-extension"; includeInIndex = 0; path = RambleWatchWidgets.appex; sourceTree = BUILT_PRODUCTS_DIR; };
		8AFF20022F00000200000002 /* RambleWidgets.appex */ = {isa = PBXFileReference; explicitFileType = "wrapper.app-extension"; includeInIndex = 0; path = RambleWidgets.appex; sourceTree = BUILT_PRODUCTS_DIR; };
		8AFF20102F00000200000010 /* RambleActivityAttributes.swift */ = {isa = PBXFileReference; lastKnownFileType = sourcecode.swift; name = RambleActivityAttributes.swift; path = RambleWidgets/RambleActivityAttributes.swift; sourceTree = "<group>"; };
/* End PBXFileReference section */

/* Begin PBXFileSystemSynchronizedBuildFileExceptionSet section */
		8A290EAC2F215B590020317A /* Exceptions for "Ramble" folder in "Ramble" target */ = {
			isa = PBXFileSystemSynchronizedBuildFileExceptionSet;
			membershipExceptions = (
				Info.plist,
			);
			target = 8A290E2C2F2152E10020317A /* Ramble */;
		};
		8AFF100E2F0000010000000E /* Exceptions for "watch Watch App" folder in "watch Watch App" target */ = {
			isa = PBXFileSystemSynchronizedBuildFileExceptionSet;
			membershipExceptions = (
				Info.plist,
			);
			target = 8A290E5A2F2153440020317A /* watch Watch App */;
		};
		8AFF100F2F0000010000000F /* Exceptions for "RambleWatchWidgets" folder in "RambleWatchWidgets" target */ = {
			isa = PBXFileSystemSynchronizedBuildFileExceptionSet;
			membershipExceptions = (
				Info.plist,
			);
			target = 8AFF10012F00000100000001 /* RambleWatchWidgets */;
		};
		8AFF200F2F0000020000000F /* Exceptions for "RambleWidgets" folder in "RambleWidgets" target */ = {
			isa = PBXFileSystemSynchronizedBuildFileExceptionSet;
			membershipExceptions = (
				Info.plist,
			);
			target = 8AFF20012F00000200000001 /* RambleWidgets */;
		};
/* End PBXFileSystemSynchronizedBuildFileExceptionSet section */

/* Begin PBXFileSystemSynchronizedRootGroup section */
		8A290E2F2F2152E10020317A /* Ramble */ = {
			isa = PBXFileSystemSynchronizedRootGroup;
			exceptions = (
				8A290EAC2F215B590020317A /* Exceptions for "Ramble" folder in "Ramble" target */,
			);
			path = Ramble;
			sourceTree = "<group>";
		};
		8A290E5C2F2153440020317A /* watch Watch App */ = {
			isa = PBXFileSystemSynchronizedRootGroup;
			exceptions = (
				8AFF100E2F0000010000000E /* Exceptions for "watch Watch App" folder in "watch Watch App" target */,
			);
			path = "watch Watch App";
			sourceTree = "<group>";
		};
		8AFF10092F00000100000009 /* RambleWatchWidgets */ = {
			isa = PBXFileSystemSynchronizedRootGroup;
			exceptions = (
				8AFF100F2F0000010000000F /* Exceptions for "RambleWatchWidgets" folder in "RambleWatchWidgets" target */,
			);
			path = RambleWatchWidgets;
			sourceTree = "<group>";
		};
		8AFF20092F00000200000009 /* RambleWidgets */ = {
			isa = PBXFileSystemSynchronizedRootGroup;
			exceptions = (
				8AFF200F2F0000020000000F /* Exceptions for "RambleWidgets" folder in "RambleWidgets" target */,
			);
			path = RambleWidgets;
			sourceTree = "<group>";
		};
/* End PBXFileSystemSynchronizedRootGroup section */

/* Begin PBXFrameworksBuildPhase section */
		8A290E2A2F2152E10020317A /* Frameworks */ = {
			isa = PBXFrameworksBuildPhase;
			buildActionMask = 2147483647;
			files = (
				8AB9C9B12F86DE7A003C7BD8 /* StoreKit.framework in Frameworks */,
				8AFF00022F00000100000002 /* WhisperKit in Frameworks */,
				8AFF00052F00000100000005 /* SpeakerKit in Frameworks */,
			);
			runOnlyForDeploymentPostprocessing = 0;
		};
		8A290E582F2153440020317A /* Frameworks */ = {
			isa = PBXFrameworksBuildPhase;
			buildActionMask = 2147483647;
			files = (
			);
			runOnlyForDeploymentPostprocessing = 0;
		};
		8AFF10072F00000100000007 /* Frameworks */ = {
			isa = PBXFrameworksBuildPhase;
			buildActionMask = 2147483647;
			files = (
			);
			runOnlyForDeploymentPostprocessing = 0;
		};
		8AFF20072F00000200000007 /* Frameworks */ = {
			isa = PBXFrameworksBuildPhase;
			buildActionMask = 2147483647;
			files = (
			);
			runOnlyForDeploymentPostprocessing = 0;
		};
/* End PBXFrameworksBuildPhase section */

/* Begin PBXGroup section */
		586EB4CF30482F3400042ACA /* Recovered References */ = {
			isa = PBXGroup;
			children = (
				8AFF20102F00000200000010 /* RambleActivityAttributes.swift */,
			);
			name = "Recovered References";
			sourceTree = "<group>";
		};
		8A290E242F2152E10020317A = {
			isa = PBXGroup;
			children = (
				8A290E2F2F2152E10020317A /* Ramble */,
				8A290E5C2F2153440020317A /* watch Watch App */,
				8AFF10092F00000100000009 /* RambleWatchWidgets */,
				8AFF20092F00000200000009 /* RambleWidgets */,
				8AB9C9AF2F86DE7A003C7BD8 /* Frameworks */,
				8A290E2E2F2152E10020317A /* Products */,
				586EB4CF30482F3400042ACA /* Recovered References */,
			);
			sourceTree = "<group>";
		};
		8A290E2E2F2152E10020317A /* Products */ = {
			isa = PBXGroup;
			children = (
				8A290E2D2F2152E10020317A /* Ramble.app */,
				8A290E5B2F2153440020317A /* watch Watch App.app */,
				8AFF10022F00000100000002 /* RambleWatchWidgets.appex */,
				8AFF20022F00000200000002 /* RambleWidgets.appex */,
			);
			name = Products;
			sourceTree = "<group>";
		};
		8AB9C9AF2F86DE7A003C7BD8 /* Frameworks */ = {
			isa = PBXGroup;
			children = (
				8AB9C9B02F86DE7A003C7BD8 /* StoreKit.framework */,
			);
			name = Frameworks;
			sourceTree = "<group>";
		};
/* End PBXGroup section */

/* Begin PBXNativeTarget section */
		8A290E2C2F2152E10020317A /* Ramble */ = {
			isa = PBXNativeTarget;
			buildConfigurationList = 8A290E382F2152E20020317A /* Build configuration list for PBXNativeTarget "Ramble" */;
			buildPhases = (
				8A290E292F2152E10020317A /* Sources */,
				8A290E2A2F2152E10020317A /* Frameworks */,
				8A290E2B2F2152E10020317A /* Resources */,
				8AFF200A2F0000020000000A /* Embed Foundation Extensions */,
				8A290E692F2153450020317A /* Embed Watch Content */,
			);
			buildRules = (
			);
			dependencies = (
				8A290E642F2153450020317A /* PBXTargetDependency */,
				8AFF200C2F0000020000000C /* PBXTargetDependency */,
			);
			fileSystemSynchronizedGroups = (
				8A290E2F2F2152E10020317A /* Ramble */,
			);
			name = Ramble;
			packageProductDependencies = (
				8AFF00012F00000100000001 /* WhisperKit */,
				8AFF00042F00000100000004 /* SpeakerKit */,
			);
			productName = Ramble;
			productReference = 8A290E2D2F2152E10020317A /* Ramble.app */;
			productType = "com.apple.product-type.application";
		};
		8A290E5A2F2153440020317A /* watch Watch App */ = {
			isa = PBXNativeTarget;
			buildConfigurationList = 8A290E662F2153450020317A /* Build configuration list for PBXNativeTarget "watch Watch App" */;
			buildPhases = (
				8A290E572F2153440020317A /* Sources */,
				8A290E582F2153440020317A /* Frameworks */,
				8A290E592F2153440020317A /* Resources */,
				8AFF100A2F0000010000000A /* Embed Foundation Extensions */,
			);
			buildRules = (
			);
			dependencies = (
				8AFF100C2F0000010000000C /* PBXTargetDependency */,
			);
			fileSystemSynchronizedGroups = (
				8A290E5C2F2153440020317A /* watch Watch App */,
			);
			name = "watch Watch App";
			packageProductDependencies = (
			);
			productName = "watch Watch App";
			productReference = 8A290E5B2F2153440020317A /* watch Watch App.app */;
			productType = "com.apple.product-type.application";
		};
		8AFF10012F00000100000001 /* RambleWatchWidgets */ = {
			isa = PBXNativeTarget;
			buildConfigurationList = 8AFF10032F00000100000003 /* Build configuration list for PBXNativeTarget "RambleWatchWidgets" */;
			buildPhases = (
				8AFF10062F00000100000006 /* Sources */,
				8AFF10072F00000100000007 /* Frameworks */,
				8AFF10082F00000100000008 /* Resources */,
			);
			buildRules = (
			);
			dependencies = (
			);
			fileSystemSynchronizedGroups = (
				8AFF10092F00000100000009 /* RambleWatchWidgets */,
			);
			name = RambleWatchWidgets;
			packageProductDependencies = (
			);
			productName = RambleWatchWidgets;
			productReference = 8AFF10022F00000100000002 /* RambleWatchWidgets.appex */;
			productType = "com.apple.product-type.app-extension";
		};
		8AFF20012F00000200000001 /* RambleWidgets */ = {
			isa = PBXNativeTarget;
			buildConfigurationList = 8AFF20032F00000200000003 /* Build configuration list for PBXNativeTarget "RambleWidgets" */;
			buildPhases = (
				8AFF20062F00000200000006 /* Sources */,
				8AFF20072F00000200000007 /* Frameworks */,
				8AFF20082F00000200000008 /* Resources */,
			);
			buildRules = (
			);
			dependencies = (
			);
			fileSystemSynchronizedGroups = (
				8AFF20092F00000200000009 /* RambleWidgets */,
			);
			name = RambleWidgets;
			packageProductDependencies = (
			);
			productName = RambleWidgets;
			productReference = 8AFF20022F00000200000002 /* RambleWidgets.appex */;
			productType = "com.apple.product-type.app-extension";
		};
/* End PBXNativeTarget section */

/* Begin PBXProject section */
		8A290E252F2152E10020317A /* Project object */ = {
			isa = PBXProject;
			attributes = {
				BuildIndependentTargetsInParallel = 1;
				LastSwiftUpdateCheck = 2620;
				LastUpgradeCheck = 2620;
				TargetAttributes = {
					8A290E2C2F2152E10020317A = {
						CreatedOnToolsVersion = 26.2;
					};
					8A290E5A2F2153440020317A = {
						CreatedOnToolsVersion = 26.2;
					};
					8AFF10012F00000100000001 = {
						CreatedOnToolsVersion = 26.6;
					};
					8AFF20012F00000200000001 = {
						CreatedOnToolsVersion = 26.6;
					};
				};
			};
			buildConfigurationList = 8A290E282F2152E10020317A /* Build configuration list for PBXProject "Ramble" */;
			developmentRegion = en;
			hasScannedForEncodings = 0;
			knownRegions = (
				en,
				Base,
			);
			mainGroup = 8A290E242F2152E10020317A;
			minimizedProjectReferenceProxies = 1;
			packageReferences = (
				8AFF00032F00000100000003 /* XCRemoteSwiftPackageReference "argmax-oss-swift" */,
			);
			preferredProjectObjectVersion = 77;
			productRefGroup = 8A290E2E2F2152E10020317A /* Products */;
			projectDirPath = "";
			projectRoot = "";
			targets = (
				8A290E2C2F2152E10020317A /* Ramble */,
				8A290E5A2F2153440020317A /* watch Watch App */,
				8AFF10012F00000100000001 /* RambleWatchWidgets */,
				8AFF20012F00000200000001 /* RambleWidgets */,
			);
		};
/* End PBXProject section */

/* Begin PBXResourcesBuildPhase section */
		8A290E2B2F2152E10020317A /* Resources */ = {
			isa = PBXResourcesBuildPhase;
			buildActionMask = 2147483647;
			files = (
			);
			runOnlyForDeploymentPostprocessing = 0;
		};
		8A290E592F2153440020317A /* Resources */ = {
			isa = PBXResourcesBuildPhase;
			buildActionMask = 2147483647;
			files = (
			);
			runOnlyForDeploymentPostprocessing = 0;
		};
		8AFF10082F00000100000008 /* Resources */ = {
			isa = PBXResourcesBuildPhase;
			buildActionMask = 2147483647;
			files = (
			);
			runOnlyForDeploymentPostprocessing = 0;
		};
		8AFF20082F00000200000008 /* Resources */ = {
			isa = PBXResourcesBuildPhase;
			buildActionMask = 2147483647;
			files = (
			);
			runOnlyForDeploymentPostprocessing = 0;
		};
/* End PBXResourcesBuildPhase section */

/* Begin PBXSourcesBuildPhase section */
		8A290E292F2152E10020317A /* Sources */ = {
			isa = PBXSourcesBuildPhase;
			buildActionMask = 2147483647;
			files = (
				8AFF20112F00000200000011 /* RambleActivityAttributes.swift in Sources */,
			);
			runOnlyForDeploymentPostprocessing = 0;
		};
		8A290E572F2153440020317A /* Sources */ = {
			isa = PBXSourcesBuildPhase;
			buildActionMask = 2147483647;
			files = (
			);
			runOnlyForDeploymentPostprocessing = 0;
		};
		8AFF10062F00000100000006 /* Sources */ = {
			isa = PBXSourcesBuildPhase;
			buildActionMask = 2147483647;
			files = (
			);
			runOnlyForDeploymentPostprocessing = 0;
		};
		8AFF20062F00000200000006 /* Sources */ = {
			isa = PBXSourcesBuildPhase;
			buildActionMask = 2147483647;
			files = (
			);
			runOnlyForDeploymentPostprocessing = 0;
		};
/* End PBXSourcesBuildPhase section */

/* Begin PBXTargetDependency section */
		8A290E642F2153450020317A /* PBXTargetDependency */ = {
			isa = PBXTargetDependency;
			target = 8A290E5A2F2153440020317A /* watch Watch App */;
			targetProxy = 8A290E632F2153450020317A /* PBXContainerItemProxy */;
		};
		8AFF100C2F0000010000000C /* PBXTargetDependency */ = {
			isa = PBXTargetDependency;
			target = 8AFF10012F00000100000001 /* RambleWatchWidgets */;
			targetProxy = 8AFF100D2F0000010000000D /* PBXContainerItemProxy */;
		};
		8AFF200C2F0000020000000C /* PBXTargetDependency */ = {
			isa = PBXTargetDependency;
			target = 8AFF20012F00000200000001 /* RambleWidgets */;
			targetProxy = 8AFF200D2F0000020000000D /* PBXContainerItemProxy */;
		};
/* End PBXTargetDependency section */

/* Begin XCBuildConfiguration section */
		8A290E362F2152E20020317A /* Debug */ = {
			isa = XCBuildConfiguration;
			buildSettings = {
				ALWAYS_SEARCH_USER_PATHS = NO;
				ASSETCATALOG_COMPILER_GENERATE_SWIFT_ASSET_SYMBOL_EXTENSIONS = YES;
				CLANG_ANALYZER_NONNULL = YES;
				CLANG_ANALYZER_NUMBER_OBJECT_CONVERSION = YES_AGGRESSIVE;
				CLANG_CXX_LANGUAGE_STANDARD = "gnu++20";
				CLANG_ENABLE_MODULES = YES;
				CLANG_ENABLE_OBJC_ARC = YES;
				CLANG_ENABLE_OBJC_WEAK = YES;
				CLANG_WARN_BLOCK_CAPTURE_AUTORELEASING = YES;
				CLANG_WARN_BOOL_CONVERSION = YES;
				CLANG_WARN_COMMA = YES;
				CLANG_WARN_CONSTANT_CONVERSION = YES;
				CLANG_WARN_DEPRECATED_OBJC_IMPLEMENTATIONS = YES;
				CLANG_WARN_DIRECT_OBJC_ISA_USAGE = YES_ERROR;
				CLANG_WARN_DOCUMENTATION_COMMENTS = YES;
				CLANG_WARN_EMPTY_BODY = YES;
				CLANG_WARN_ENUM_CONVERSION = YES;
				CLANG_WARN_INFINITE_RECURSION = YES;
				CLANG_WARN_INT_CONVERSION = YES;
				CLANG_WARN_NON_LITERAL_NULL_CONVERSION = YES;
				CLANG_WARN_OBJC_IMPLICIT_RETAIN_SELF = YES;
				CLANG_WARN_OBJC_LITERAL_CONVERSION = YES;
				CLANG_WARN_OBJC_ROOT_CLASS = YES_ERROR;
				CLANG_WARN_QUOTED_INCLUDE_IN_FRAMEWORK_HEADER = YES;
				CLANG_WARN_RANGE_LOOP_ANALYSIS = YES;
				CLANG_WARN_STRICT_PROTOTYPES = YES;
				CLANG_WARN_SUSPICIOUS_MOVE = YES;
				CLANG_WARN_UNGUARDED_AVAILABILITY = YES_AGGRESSIVE;
				CLANG_WARN_UNREACHABLE_CODE = YES;
				CLANG_WARN__DUPLICATE_METHOD_MATCH = YES;
				COPY_PHASE_STRIP = NO;
				DEBUG_INFORMATION_FORMAT = dwarf;
				DEVELOPMENT_TEAM = SW6VLKWS7Q;
				ENABLE_STRICT_OBJC_MSGSEND = YES;
				ENABLE_TESTABILITY = YES;
				ENABLE_USER_SCRIPT_SANDBOXING = YES;
				GCC_C_LANGUAGE_STANDARD = gnu17;
				GCC_DYNAMIC_NO_PIC = NO;
				GCC_NO_COMMON_BLOCKS = YES;
				GCC_OPTIMIZATION_LEVEL = 0;
				GCC_PREPROCESSOR_DEFINITIONS = (
					"DEBUG=1",
					"$(inherited)",
				);
				GCC_WARN_64_TO_32_BIT_CONVERSION = YES;
				GCC_WARN_ABOUT_RETURN_TYPE = YES_ERROR;
				GCC_WARN_UNDECLARED_SELECTOR = YES;
				GCC_WARN_UNINITIALIZED_AUTOS = YES_AGGRESSIVE;
				GCC_WARN_UNUSED_FUNCTION = YES;
				GCC_WARN_UNUSED_VARIABLE = YES;
				IPHONEOS_DEPLOYMENT_TARGET = 26.2;
				LOCALIZATION_PREFERS_STRING_CATALOGS = YES;
				MTL_ENABLE_DEBUG_INFO = INCLUDE_SOURCE;
				MTL_FAST_MATH = YES;
				ONLY_ACTIVE_ARCH = YES;
				SDKROOT = iphoneos;
				SWIFT_ACTIVE_COMPILATION_CONDITIONS = "DEBUG $(inherited)";
				SWIFT_OPTIMIZATION_LEVEL = "-Onone";
			};
			name = Debug;
		};
		8A290E372F2152E20020317A /* Release */ = {
			isa = XCBuildConfiguration;
			buildSettings = {
				ALWAYS_SEARCH_USER_PATHS = NO;
				ASSETCATALOG_COMPILER_GENERATE_SWIFT_ASSET_SYMBOL_EXTENSIONS = YES;
				CLANG_ANALYZER_NONNULL = YES;
				CLANG_ANALYZER_NUMBER_OBJECT_CONVERSION = YES_AGGRESSIVE;
				CLANG_CXX_LANGUAGE_STANDARD = "gnu++20";
				CLANG_ENABLE_MODULES = YES;
				CLANG_ENABLE_OBJC_ARC = YES;
				CLANG_ENABLE_OBJC_WEAK = YES;
				CLANG_WARN_BLOCK_CAPTURE_AUTORELEASING = YES;
				CLANG_WARN_BOOL_CONVERSION = YES;
				CLANG_WARN_COMMA = YES;
				CLANG_WARN_CONSTANT_CONVERSION = YES;
				CLANG_WARN_DEPRECATED_OBJC_IMPLEMENTATIONS = YES;
				CLANG_WARN_DIRECT_OBJC_ISA_USAGE = YES_ERROR;
				CLANG_WARN_DOCUMENTATION_COMMENTS = YES;
				CLANG_WARN_EMPTY_BODY = YES;
				CLANG_WARN_ENUM_CONVERSION = YES;
				CLANG_WARN_INFINITE_RECURSION = YES;
				CLANG_WARN_INT_CONVERSION = YES;
				CLANG_WARN_NON_LITERAL_NULL_CONVERSION = YES;
				CLANG_WARN_OBJC_IMPLICIT_RETAIN_SELF = YES;
				CLANG_WARN_OBJC_LITERAL_CONVERSION = YES;
				CLANG_WARN_OBJC_ROOT_CLASS = YES_ERROR;
				CLANG_WARN_QUOTED_INCLUDE_IN_FRAMEWORK_HEADER = YES;
				CLANG_WARN_RANGE_LOOP_ANALYSIS = YES;
				CLANG_WARN_STRICT_PROTOTYPES = YES;
				CLANG_WARN_SUSPICIOUS_MOVE = YES;
				CLANG_WARN_UNGUARDED_AVAILABILITY = YES_AGGRESSIVE;
				CLANG_WARN_UNREACHABLE_CODE = YES;
				CLANG_WARN__DUPLICATE_METHOD_MATCH = YES;
				COPY_PHASE_STRIP = NO;
				DEBUG_INFORMATION_FORMAT = "dwarf-with-dsym";
				DEVELOPMENT_TEAM = SW6VLKWS7Q;
				ENABLE_NS_ASSERTIONS = NO;
				ENABLE_STRICT_OBJC_MSGSEND = YES;
				ENABLE_USER_SCRIPT_SANDBOXING = YES;
				GCC_C_LANGUAGE_STANDARD = gnu17;
				GCC_NO_COMMON_BLOCKS = YES;
				GCC_WARN_64_TO_32_BIT_CONVERSION = YES;
				GCC_WARN_ABOUT_RETURN_TYPE = YES_ERROR;
				GCC_WARN_UNDECLARED_SELECTOR = YES;
				GCC_WARN_UNINITIALIZED_AUTOS = YES_AGGRESSIVE;
				GCC_WARN_UNUSED_FUNCTION = YES;
				GCC_WARN_UNUSED_VARIABLE = YES;
				IPHONEOS_DEPLOYMENT_TARGET = 26.2;
				LOCALIZATION_PREFERS_STRING_CATALOGS = YES;
				MTL_ENABLE_DEBUG_INFO = NO;
				MTL_FAST_MATH = YES;
				SDKROOT = iphoneos;
				SWIFT_COMPILATION_MODE = wholemodule;
				VALIDATE_PRODUCT = YES;
			};
			name = Release;
		};
		8A290E392F2152E20020317A /* Debug */ = {
			isa = XCBuildConfiguration;
			buildSettings = {
				APP_ATTEST_ENV = development;
				ASSETCATALOG_COMPILER_APPICON_NAME = AppIcon;
				CODE_SIGN_ENTITLEMENTS = Ramble/Ramble.entitlements;
				CODE_SIGN_STYLE = Automatic;
				CURRENT_PROJECT_VERSION = 13;
				DEVELOPMENT_TEAM = SW6VLKWS7Q;
				ENABLE_PREVIEWS = YES;
				GENERATE_INFOPLIST_FILE = YES;
				INFOPLIST_FILE = Ramble/Info.plist;
				INFOPLIST_KEY_CFBundleDisplayName = Ramble;
				INFOPLIST_KEY_LSApplicationCategoryType = "public.app-category.utilities";
				INFOPLIST_KEY_NSMicrophoneUsageDescription = "Ramble needs microphone access to record your voice journals.";
				INFOPLIST_KEY_NSSiriUsageDescription = "Ramble uses Siri to start and stop voice recordings hands-free.";
				INFOPLIST_KEY_NSSpeechRecognitionUsageDescription = "Ramble uses speech recognition to transcribe your recordings into text on your device.";
				INFOPLIST_KEY_UIApplicationSceneManifest_Generation = YES;
				INFOPLIST_KEY_UIApplicationSupportsIndirectInputEvents = YES;
				INFOPLIST_KEY_UISupportedInterfaceOrientations = UIInterfaceOrientationPortrait;
				INFOPLIST_KEY_UISupportedInterfaceOrientations_iPad = "UIInterfaceOrientationLandscapeLeft UIInterfaceOrientationLandscapeRight UIInterfaceOrientationPortrait UIInterfaceOrientationPortraitUpsideDown";
				IPHONEOS_DEPLOYMENT_TARGET = 18.6;
				LD_RUNPATH_SEARCH_PATHS = (
					"$(inherited)",
					"@executable_path/Frameworks",
				);
				MARKETING_VERSION = 1.1.2;
				PRODUCT_BUNDLE_IDENTIFIER = dev.goodloop.Ramble;
				PRODUCT_NAME = "$(TARGET_NAME)";
				STRING_CATALOG_GENERATE_SYMBOLS = YES;
				SWIFT_APPROACHABLE_CONCURRENCY = YES;
				SWIFT_DEFAULT_ACTOR_ISOLATION = MainActor;
				SWIFT_EMIT_LOC_STRINGS = YES;
				SWIFT_UPCOMING_FEATURE_MEMBER_IMPORT_VISIBILITY = YES;
				SWIFT_VERSION = 5.0;
				TARGETED_DEVICE_FAMILY = "1,2";
			};
			name = Debug;
		};
		8A290E3A2F2152E20020317A /* Release */ = {
			isa = XCBuildConfiguration;
			buildSettings = {
				APP_ATTEST_ENV = production;
				ASSETCATALOG_COMPILER_APPICON_NAME = AppIcon;
				CODE_SIGN_ENTITLEMENTS = Ramble/Ramble.entitlements;
				CODE_SIGN_STYLE = Automatic;
				CURRENT_PROJECT_VERSION = 13;
				DEVELOPMENT_TEAM = SW6VLKWS7Q;
				ENABLE_PREVIEWS = YES;
				GENERATE_INFOPLIST_FILE = YES;
				INFOPLIST_FILE = Ramble/Info.plist;
				INFOPLIST_KEY_CFBundleDisplayName = Ramble;
				INFOPLIST_KEY_LSApplicationCategoryType = "public.app-category.utilities";
				INFOPLIST_KEY_NSMicrophoneUsageDescription = "Ramble needs microphone access to record your voice journals.";
				INFOPLIST_KEY_NSSiriUsageDescription = "Ramble uses Siri to start and stop voice recordings hands-free.";
				INFOPLIST_KEY_NSSpeechRecognitionUsageDescription = "Ramble uses speech recognition to transcribe your recordings into text on your device.";
				INFOPLIST_KEY_UIApplicationSceneManifest_Generation = YES;
				INFOPLIST_KEY_UIApplicationSupportsIndirectInputEvents = YES;
				INFOPLIST_KEY_UISupportedInterfaceOrientations = UIInterfaceOrientationPortrait;
				INFOPLIST_KEY_UISupportedInterfaceOrientations_iPad = "UIInterfaceOrientationLandscapeLeft UIInterfaceOrientationLandscapeRight UIInterfaceOrientationPortrait UIInterfaceOrientationPortraitUpsideDown";
				IPHONEOS_DEPLOYMENT_TARGET = 18.6;
				LD_RUNPATH_SEARCH_PATHS = (
					"$(inherited)",
					"@executable_path/Frameworks",
				);
				MARKETING_VERSION = 1.1.2;
				PRODUCT_BUNDLE_IDENTIFIER = dev.goodloop.Ramble;
				PRODUCT_NAME = "$(TARGET_NAME)";
				STRING_CATALOG_GENERATE_SYMBOLS = YES;
				SWIFT_APPROACHABLE_CONCURRENCY = YES;
				SWIFT_DEFAULT_ACTOR_ISOLATION = MainActor;
				SWIFT_EMIT_LOC_STRINGS = YES;
				SWIFT_UPCOMING_FEATURE_MEMBER_IMPORT_VISIBILITY = YES;
				SWIFT_VERSION = 5.0;
				TARGETED_DEVICE_FAMILY = "1,2";
			};
			name = Release;
		};
		8A290E672F2153450020317A /* Debug */ = {
			isa = XCBuildConfiguration;
			buildSettings = {
				ASSETCATALOG_COMPILER_APPICON_NAME = AppIcon;
				CODE_SIGN_ENTITLEMENTS = "watch Watch App/watch Watch App.entitlements";
				CODE_SIGN_STYLE = Automatic;
				CURRENT_PROJECT_VERSION = 13;
				DEVELOPMENT_TEAM = SW6VLKWS7Q;
				ENABLE_PREVIEWS = YES;
				GENERATE_INFOPLIST_FILE = YES;
				INFOPLIST_FILE = "watch Watch App/Info.plist";
				INFOPLIST_KEY_CFBundleDisplayName = Ramble;
				INFOPLIST_KEY_NSMicrophoneUsageDescription = "Ramble needs microphone access to record your voice journals.";
				INFOPLIST_KEY_UISupportedInterfaceOrientations = "UIInterfaceOrientationPortrait UIInterfaceOrientationPortraitUpsideDown";
				INFOPLIST_KEY_WKCompanionAppBundleIdentifier = dev.goodloop.Ramble;
				LD_RUNPATH_SEARCH_PATHS = (
					"$(inherited)",
					"@executable_path/Frameworks",
				);
				MARKETING_VERSION = 1.1.2;
				PRODUCT_BUNDLE_IDENTIFIER = dev.goodloop.Ramble.watchkitapp;
				PRODUCT_NAME = "$(TARGET_NAME)";
				SDKROOT = watchos;
				SKIP_INSTALL = YES;
				STRING_CATALOG_GENERATE_SYMBOLS = YES;
				SWIFT_APPROACHABLE_CONCURRENCY = YES;
				SWIFT_DEFAULT_ACTOR_ISOLATION = MainActor;
				SWIFT_EMIT_LOC_STRINGS = YES;
				SWIFT_UPCOMING_FEATURE_MEMBER_IMPORT_VISIBILITY = YES;
				SWIFT_VERSION = 5.0;
				TARGETED_DEVICE_FAMILY = 4;
				WATCHOS_DEPLOYMENT_TARGET = 11.6;
			};
			name = Debug;
		};
		8A290E682F2153450020317A /* Release */ = {
			isa = XCBuildConfiguration;
			buildSettings = {
				ASSETCATALOG_COMPILER_APPICON_NAME = AppIcon;
				CODE_SIGN_ENTITLEMENTS = "watch Watch App/watch Watch App.entitlements";
				CODE_SIGN_STYLE = Automatic;
				CURRENT_PROJECT_VERSION = 13;
				DEVELOPMENT_TEAM = SW6VLKWS7Q;
				ENABLE_PREVIEWS = YES;
				GENERATE_INFOPLIST_FILE = YES;
				INFOPLIST_FILE = "watch Watch App/Info.plist";
				INFOPLIST_KEY_CFBundleDisplayName = Ramble;
				INFOPLIST_KEY_NSMicrophoneUsageDescription = "Ramble needs microphone access to record your voice journals.";
				INFOPLIST_KEY_UISupportedInterfaceOrientations = "UIInterfaceOrientationPortrait UIInterfaceOrientationPortraitUpsideDown";
				INFOPLIST_KEY_WKCompanionAppBundleIdentifier = dev.goodloop.Ramble;
				LD_RUNPATH_SEARCH_PATHS = (
					"$(inherited)",
					"@executable_path/Frameworks",
				);
				MARKETING_VERSION = 1.1.2;
				PRODUCT_BUNDLE_IDENTIFIER = dev.goodloop.Ramble.watchkitapp;
				PRODUCT_NAME = "$(TARGET_NAME)";
				SDKROOT = watchos;
				SKIP_INSTALL = YES;
				STRING_CATALOG_GENERATE_SYMBOLS = YES;
				SWIFT_APPROACHABLE_CONCURRENCY = YES;
				SWIFT_DEFAULT_ACTOR_ISOLATION = MainActor;
				SWIFT_EMIT_LOC_STRINGS = YES;
				SWIFT_UPCOMING_FEATURE_MEMBER_IMPORT_VISIBILITY = YES;
				SWIFT_VERSION = 5.0;
				TARGETED_DEVICE_FAMILY = 4;
				WATCHOS_DEPLOYMENT_TARGET = 11.6;
			};
			name = Release;
		};
		8AFF10042F00000100000004 /* Debug */ = {
			isa = XCBuildConfiguration;
			buildSettings = {
				ALWAYS_SEARCH_USER_PATHS = NO;
				ASSETCATALOG_COMPILER_GLOBAL_ACCENT_COLOR_NAME = AccentColor;
				CODE_SIGN_STYLE = Automatic;
				CURRENT_PROJECT_VERSION = 13;
				DEVELOPMENT_TEAM = SW6VLKWS7Q;
				ENABLE_PREVIEWS = YES;
				GENERATE_INFOPLIST_FILE = YES;
				INFOPLIST_FILE = RambleWatchWidgets/Info.plist;
				INFOPLIST_KEY_CFBundleDisplayName = Ramble;
				LD_RUNPATH_SEARCH_PATHS = (
					"$(inherited)",
					"@executable_path/Frameworks",
					"@executable_path/../../Frameworks",
				);
				MARKETING_VERSION = 1.1.2;
				PRODUCT_BUNDLE_IDENTIFIER = dev.goodloop.Ramble.watchkitapp.widgets;
				PRODUCT_NAME = "$(TARGET_NAME)";
				SDKROOT = watchos;
				SKIP_INSTALL = YES;
				SWIFT_APPROACHABLE_CONCURRENCY = YES;
				SWIFT_DEFAULT_ACTOR_ISOLATION = MainActor;
				SWIFT_EMIT_LOC_STRINGS = YES;
				SWIFT_VERSION = 5.0;
				TARGETED_DEVICE_FAMILY = 4;
				WATCHOS_DEPLOYMENT_TARGET = 26.2;
			};
			name = Debug;
		};
		8AFF10052F00000100000005 /* Release */ = {
			isa = XCBuildConfiguration;
			buildSettings = {
				ALWAYS_SEARCH_USER_PATHS = NO;
				ASSETCATALOG_COMPILER_GLOBAL_ACCENT_COLOR_NAME = AccentColor;
				CODE_SIGN_STYLE = Automatic;
				CURRENT_PROJECT_VERSION = 13;
				DEVELOPMENT_TEAM = SW6VLKWS7Q;
				ENABLE_PREVIEWS = YES;
				GENERATE_INFOPLIST_FILE = YES;
				INFOPLIST_FILE = RambleWatchWidgets/Info.plist;
				INFOPLIST_KEY_CFBundleDisplayName = Ramble;
				LD_RUNPATH_SEARCH_PATHS = (
					"$(inherited)",
					"@executable_path/Frameworks",
					"@executable_path/../../Frameworks",
				);
				MARKETING_VERSION = 1.1.2;
				PRODUCT_BUNDLE_IDENTIFIER = dev.goodloop.Ramble.watchkitapp.widgets;
				PRODUCT_NAME = "$(TARGET_NAME)";
				SDKROOT = watchos;
				SKIP_INSTALL = YES;
				SWIFT_APPROACHABLE_CONCURRENCY = YES;
				SWIFT_DEFAULT_ACTOR_ISOLATION = MainActor;
				SWIFT_EMIT_LOC_STRINGS = YES;
				SWIFT_VERSION = 5.0;
				TARGETED_DEVICE_FAMILY = 4;
				WATCHOS_DEPLOYMENT_TARGET = 26.2;
			};
			name = Release;
		};
		8AFF20042F00000200000004 /* Debug */ = {
			isa = XCBuildConfiguration;
			buildSettings = {
				ALWAYS_SEARCH_USER_PATHS = NO;
				CODE_SIGN_IDENTITY = "Apple Development";
				CODE_SIGN_STYLE = Automatic;
				CURRENT_PROJECT_VERSION = 13;
				DEVELOPMENT_TEAM = SW6VLKWS7Q;
				ENABLE_PREVIEWS = YES;
				GENERATE_INFOPLIST_FILE = YES;
				INFOPLIST_FILE = RambleWidgets/Info.plist;
				INFOPLIST_KEY_CFBundleDisplayName = Ramble;
				IPHONEOS_DEPLOYMENT_TARGET = 18.6;
				LD_RUNPATH_SEARCH_PATHS = (
					"$(inherited)",
					"@executable_path/Frameworks",
					"@executable_path/../../Frameworks",
				);
				MARKETING_VERSION = 1.1.2;
				PRODUCT_BUNDLE_IDENTIFIER = dev.goodloop.Ramble.widgets;
				PRODUCT_NAME = "$(TARGET_NAME)";
				PROVISIONING_PROFILE_SPECIFIER = "";
				SDKROOT = iphoneos;
				SKIP_INSTALL = YES;
				SWIFT_ACTIVE_COMPILATION_CONDITIONS = "$(inherited) WIDGET_EXT";
				SWIFT_APPROACHABLE_CONCURRENCY = YES;
				SWIFT_DEFAULT_ACTOR_ISOLATION = MainActor;
				SWIFT_EMIT_LOC_STRINGS = YES;
				SWIFT_VERSION = 5.0;
				TARGETED_DEVICE_FAMILY = "1,2";
			};
			name = Debug;
		};
		8AFF20052F00000200000005 /* Release */ = {
			isa = XCBuildConfiguration;
			buildSettings = {
				ALWAYS_SEARCH_USER_PATHS = NO;
				CODE_SIGN_IDENTITY = "Apple Development";
				CODE_SIGN_STYLE = Automatic;
				CURRENT_PROJECT_VERSION = 13;
				DEVELOPMENT_TEAM = SW6VLKWS7Q;
				ENABLE_PREVIEWS = YES;
				GENERATE_INFOPLIST_FILE = YES;
				INFOPLIST_FILE = RambleWidgets/Info.plist;
				INFOPLIST_KEY_CFBundleDisplayName = Ramble;
				IPHONEOS_DEPLOYMENT_TARGET = 18.6;
				LD_RUNPATH_SEARCH_PATHS = (
					"$(inherited)",
					"@executable_path/Frameworks",
					"@executable_path/../../Frameworks",
				);
				MARKETING_VERSION = 1.1.2;
				PRODUCT_BUNDLE_IDENTIFIER = dev.goodloop.Ramble.widgets;
				PRODUCT_NAME = "$(TARGET_NAME)";
				PROVISIONING_PROFILE_SPECIFIER = "";
				SDKROOT = iphoneos;
				SKIP_INSTALL = YES;
				SWIFT_ACTIVE_COMPILATION_CONDITIONS = "$(inherited) WIDGET_EXT";
				SWIFT_APPROACHABLE_CONCURRENCY = YES;
				SWIFT_DEFAULT_ACTOR_ISOLATION = MainActor;
				SWIFT_EMIT_LOC_STRINGS = YES;
				SWIFT_VERSION = 5.0;
				TARGETED_DEVICE_FAMILY = "1,2";
			};
			name = Release;
		};
/* End XCBuildConfiguration section */

/* Begin XCConfigurationList section */
		8A290E282F2152E10020317A /* Build configuration list for PBXProject "Ramble" */ = {
			isa = XCConfigurationList;
			buildConfigurations = (
				8A290E362F2152E20020317A /* Debug */,
				8A290E372F2152E20020317A /* Release */,
			);
			defaultConfigurationIsVisible = 0;
			defaultConfigurationName = Release;
		};
		8A290E382F2152E20020317A /* Build configuration list for PBXNativeTarget "Ramble" */ = {
			isa = XCConfigurationList;
			buildConfigurations = (
				8A290E392F2152E20020317A /* Debug */,
				8A290E3A2F2152E20020317A /* Release */,
			);
			defaultConfigurationIsVisible = 0;
			defaultConfigurationName = Release;
		};
		8A290E662F2153450020317A /* Build configuration list for PBXNativeTarget "watch Watch App" */ = {
			isa = XCConfigurationList;
			buildConfigurations = (
				8A290E672F2153450020317A /* Debug */,
				8A290E682F2153450020317A /* Release */,
			);
			defaultConfigurationIsVisible = 0;
			defaultConfigurationName = Release;
		};
		8AFF10032F00000100000003 /* Build configuration list for PBXNativeTarget "RambleWatchWidgets" */ = {
			isa = XCConfigurationList;
			buildConfigurations = (
				8AFF10042F00000100000004 /* Debug */,
				8AFF10052F00000100000005 /* Release */,
			);
			defaultConfigurationIsVisible = 0;
			defaultConfigurationName = Release;
		};
		8AFF20032F00000200000003 /* Build configuration list for PBXNativeTarget "RambleWidgets" */ = {
			isa = XCConfigurationList;
			buildConfigurations = (
				8AFF20042F00000200000004 /* Debug */,
				8AFF20052F00000200000005 /* Release */,
			);
			defaultConfigurationIsVisible = 0;
			defaultConfigurationName = Release;
		};
/* End XCConfigurationList section */

/* Begin XCRemoteSwiftPackageReference section */
		8AFF00032F00000100000003 /* XCRemoteSwiftPackageReference "argmax-oss-swift" */ = {
			isa = XCRemoteSwiftPackageReference;
			repositoryURL = "https://github.com/argmaxinc/argmax-oss-swift.git";
			requirement = {
				kind = upToNextMajorVersion;
				minimumVersion = 1.1.0;
			};
		};
/* End XCRemoteSwiftPackageReference section */

/* Begin XCSwiftPackageProductDependency section */
		8AFF00012F00000100000001 /* WhisperKit */ = {
			isa = XCSwiftPackageProductDependency;
			package = 8AFF00032F00000100000003 /* XCRemoteSwiftPackageReference "argmax-oss-swift" */;
			productName = WhisperKit;
		};
		8AFF00042F00000100000004 /* SpeakerKit */ = {
			isa = XCSwiftPackageProductDependency;
			package = 8AFF00032F00000100000003 /* XCRemoteSwiftPackageReference "argmax-oss-swift" */;
			productName = SpeakerKit;
		};
/* End XCSwiftPackageProductDependency section */
	};
	rootObject = 8A290E252F2152E10020317A /* Project object */;
}
